
Microsoft Visual Studio Solution File, Format Version 12.00
# Visual Studio Version 17
VisualStudioVersion = 17.10.35004.147
MinimumVisualStudioVersion = 10.0.40219.1
Project("{FAE04EC0-301F-11D3-BF4B-00C04F79EFBC}") = "PainelConfiguracoes", "MonitorVersaoFinal\PainelConfiguracoes.csproj", "{B8515298-1D61-4416-943D-CFCDC7A1E6E9}"
EndProject
Project("{FAE04EC0-301F-11D3-BF4B-00C04F79EFBC}") = "PainelNoticias", "PainelNoticias\PainelNoticias.csproj", "{7FF688E5-C7B1-4434-B892-92F99768AAE9}"
EndProject
Project("{F184B08F-C81C-45F6-A57F-5ABD9991F28F}") = "Spotify", "Spotify\Spotify.vbproj", "{41D0A59C-E27F-4B7B-813E-F15D8D610AA3}"
EndProject
Project("{F184B08F-C81C-45F6-A57F-5ABD9991F28F}") = "Vlc", "Vlc\Vlc.vbproj", "{376C9AA3-75CC-4616-8E42-E13B53B07664}"
EndProject
Global
	GlobalSection(SolutionConfigurationPlatforms) = preSolution
		Debug|Any CPU = Debug|Any CPU
		Debug|x86 = Debug|x86
		Release|Any CPU = Release|Any CPU
		Release|x86 = Release|x86
	EndGlobalSection
	GlobalSection(ProjectConfigurationPlatforms) = postSolution
		{B8515298-1D61-4416-943D-CFCDC7A1E6E9}.Debug|Any CPU.ActiveCfg = Debug|Any CPU
		{B8515298-1D61-4416-943D-CFCDC7A1E6E9}.Debug|Any CPU.Build.0 = Debug|Any CPU
		{B8515298-1D61-4416-943D-CFCDC7A1E6E9}.Debug|x86.ActiveCfg = Debug|Any CPU
		{B8515298-1D61-4416-943D-CFCDC7A1E6E9}.Debug|x86.Build.0 = Debug|Any CPU
		{B8515298-1D61-4416-943D-CFCDC7A1E6E9}.Release|Any CPU.ActiveCfg = Release|Any CPU
		{B8515298-1D61-4416-943D-CFCDC7A1E6E9}.Release|Any CPU.Build.0 = Release|Any CPU
		{B8515298-1D61-4416-943D-CFCDC7A1E6E9}.Release|x86.ActiveCfg = Release|Any CPU
		{B8515298-1D61-4416-943D-CFCDC7A1E6E9}.Release|x86.Build.0 = Release|Any CPU
		{7FF688E5-C7B1-4434-B892-92F99768AAE9}.Debug|Any CPU.ActiveCfg = Debug|Any CPU
		{7FF688E5-C7B1-4434-B892-92F99768AAE9}.Debug|Any CPU.Build.0 = Debug|Any CPU
		{7FF688E5-C7B1-4434-B892-92F99768AAE9}.Debug|x86.ActiveCfg = Debug|Any CPU
		{7FF688E5-C7B1-4434-B892-92F99768AAE9}.Debug|x86.Build.0 = Debug|Any CPU
		{7FF688E5-C7B1-4434-B892-92F99768AAE9}.Release|Any CPU.ActiveCfg = Release|Any CPU
		{7FF688E5-C7B1-4434-B892-92F99768AAE9}.Release|Any CPU.Build.0 = Release|Any CPU
		{7FF688E5-C7B1-4434-B892-92F99768AAE9}.Release|x86.ActiveCfg = Release|Any CPU
		{7FF688E5-C7B1-4434-B892-92F99768AAE9}.Release|x86.Build.0 = Release|Any CPU
		{41D0A59C-E27F-4B7B-813E-F15D8D610AA3}.Debug|Any CPU.ActiveCfg = Debug|Any CPU
		{41D0A59C-E27F-4B7B-813E-F15D8D610AA3}.Debug|Any CPU.Build.0 = Debug|Any CPU
		{41D0A59C-E27F-4B7B-813E-F15D8D610AA3}.Debug|x86.ActiveCfg = Debug|Any CPU
		{41D0A59C-E27F-4B7B-813E-F15D8D610AA3}.Debug|x86.Build.0 = Debug|Any CPU
		{41D0A59C-E27F-4B7B-813E-F15D8D610AA3}.Release|Any CPU.ActiveCfg = Release|Any CPU
		{41D0A59C-E27F-4B7B-813E-F15D8D610AA3}.Release|Any CPU.Build.0 = Release|Any CPU
		{41D0A59C-E27F-4B7B-813E-F15D8D610AA3}.Release|x86.ActiveCfg = Release|Any CPU
		{41D0A59C-E27F-4B7B-813E-F15D8D610AA3}.Release|x86.Build.0 = Release|Any CPU
		{376C9AA3-75CC-4616-8E42-E13B53B07664}.Debug|Any CPU.ActiveCfg = Debug|Any CPU
		{376C9AA3-75CC-4616-8E42-E13B53B07664}.Debug|Any CPU.Build.0 = Debug|Any CPU
		{376C9AA3-75CC-4616-8E42-E13B53B07664}.Debug|x86.ActiveCfg = Debug|Any CPU
		{376C9AA3-75CC-4616-8E42-E13B53B07664}.Debug|x86.Build.0 = Debug|Any CPU
		{376C9AA3-75CC-4616-8E42-E13B53B07664}.Release|Any CPU.ActiveCfg = Release|Any CPU
		{376C9AA3-75CC-4616-8E42-E13B53B07664}.Release|Any CPU.Build.0 = Release|Any CPU
		{376C9AA3-75CC-4616-8E42-E13B53B07664}.Release|x86.ActiveCfg = Release|Any CPU
		{376C9AA3-75CC-4616-8E42-E13B53B07664}.Release|x86.Build.0 = Release|Any CPU
	EndGlobalSection
	GlobalSection(SolutionProperties) = preSolution
		HideSolutionNode = FALSE
	EndGlobalSection
	GlobalSection(ExtensibilityGlobals) = postSolution
		SolutionGuid = {228E30AB-E775-4BD8-851D-6A0F8742A828}
	EndGlobalSection
EndGlobal
